{
  "name": "y2y",
  "version": "1.0.0",
  "lockfileVersion": 1,
  "requires": true,
  "dependencies": {
    "vant-weapp": {
      "version": "0.5.27",
      "resolved": "http://nexus.peicent.com:8290/repository/peicent-npm-all/vant-weapp/-/vant-weapp-0.5.27.tgz",
      "integrity": "sha1-sCmYDb3Mf5Cv+dyduOK6xe8RjRs="
    }
  }
}
