{
  "name": "y2y",
  "version": "1.0.0",
  "lockfileVersion": 1,
  "requires": true,
  "dependencies": {
    "@vant/weapp": {
      "version": "1.0.7",
      "resolved": "http://nexus.peicent.com:8290/repository/peicent-npm-all/@vant/weapp/-/weapp-1.0.7.tgz",
      "integrity": "sha1-G5CJgjQKk2T3WjRuFKMcBmYE/GI="
    }
  }
}
